
Microsoft Visual Studio Solution File, Format Version 12.00
# Visual Studio Version 17
VisualStudioVersion = 17.5.002.0
MinimumVisualStudioVersion = 10.0.40219.1
Project("{9A19103F-16F7-4668-BE54-9A1E7A4F7556}") = "Collections", "Collections.csproj", "{FF391203-DC8E-489F-B2BE-1302F11EF6A9}"
EndProject
Global
	GlobalSection(SolutionConfigurationPlatforms) = preSolution
		Debug|Any CPU = Debug|Any CPU
		Release|Any CPU = Release|Any CPU
	EndGlobalSection
	GlobalSection(ProjectConfigurationPlatforms) = postSolution
		{FF391203-DC8E-489F-B2BE-1302F11EF6A9}.Debug|Any CPU.ActiveCfg = Debug|Any CPU
		{FF391203-DC8E-489F-B2BE-1302F11EF6A9}.Debug|Any CPU.Build.0 = Debug|Any CPU
		{FF391203-DC8E-489F-B2BE-1302F11EF6A9}.Release|Any CPU.ActiveCfg = Release|Any CPU
		{FF391203-DC8E-489F-B2BE-1302F11EF6A9}.Release|Any CPU.Build.0 = Release|Any CPU
	EndGlobalSection
	GlobalSection(SolutionProperties) = preSolution
		HideSolutionNode = FALSE
	EndGlobalSection
	GlobalSection(ExtensibilityGlobals) = postSolution
		SolutionGuid = {BDBD65A2-4678-4288-8C12-510063B16A96}
	EndGlobalSection
EndGlobal
